den@rmq01:~/yc-tf-lab$ terraform validate
Success! The configuration is valid.

den@rmq01:~/yc-tf-lab$ terraform plan
yandex_vpc_network.network: Refreshing state... [id=enprtffm1n0sud1jhfg5]
yandex_vpc_subnet.subnet_a: Refreshing state... [id=e9b5dkrj4381rd0gg6a9]
yandex_vpc_subnet.subnet_b: Refreshing state... [id=e2lg9hia24ichvisbi7h]

Terraform used the selected providers to generate the following execution plan.
Resource actions are indicated with the following symbols:
  + create

Terraform will perform the following actions:

  # yandex_compute_instance.vm_db will be created
  + resource "yandex_compute_instance" "vm_db" {
      + created_at                = (known after apply)
      + folder_id                 = (known after apply)
      + fqdn                      = (known after apply)
      + gpu_cluster_id            = (known after apply)
      + hardware_generation       = (known after apply)
      + hostname                  = (known after apply)
      + id                        = (known after apply)
      + maintenance_grace_period  = (known after apply)
      + maintenance_policy        = (known after apply)
      + metadata                  = {
          + "ssh-keys" = "ubuntu:ssh-ed25519 AAAAC3NzaC1lZDI1NTE5AAAAINwDlw8SPFvDWxzyZiThG/2COif0auGHXVu7C93VzK7 den@rmq01"
        }
      + name                      = "netology-netology-develop-platform-db"
      + network_acceleration_type = "standard"
      + platform_id               = "standard-v1"
      + status                    = (known after apply)
      + zone                      = "ru-central1-b"

      + boot_disk {
          + auto_delete = true
          + device_name = (known after apply)
          + disk_id     = (known after apply)
          + mode        = (known after apply)

          + initialize_params {
              + block_size  = (known after apply)
              + description = (known after apply)
              + image_id    = "fd84gg15m6kjdembasoq"
              + name        = (known after apply)
              + size        = (known after apply)
              + snapshot_id = (known after apply)
              + type        = "network-hdd"
            }
        }

      + metadata_options (known after apply)

      + network_interface {
          + index          = (known after apply)
          + ip_address     = (known after apply)
          + ipv4           = true
          + ipv6           = (known after apply)
          + ipv6_address   = (known after apply)
          + mac_address    = (known after apply)
          + nat            = true
          + nat_ip_address = (known after apply)
          + nat_ip_version = (known after apply)
          + subnet_id      = "e2lg9hia24ichvisbi7h"
        }

      + placement_policy (known after apply)

      + resources {
          + core_fraction = 20
          + cores         = 2
          + memory        = 2
        }

      + scheduling_policy {
          + preemptible = true
        }
    }

  # yandex_compute_instance.vm_web will be created
  + resource "yandex_compute_instance" "vm_web" {
      + created_at                = (known after apply)
      + folder_id                 = (known after apply)
      + fqdn                      = (known after apply)
      + gpu_cluster_id            = (known after apply)
      + hardware_generation       = (known after apply)
      + hostname                  = (known after apply)
      + id                        = (known after apply)
      + maintenance_grace_period  = (known after apply)
      + maintenance_policy        = (known after apply)
      + metadata                  = {
          + "ssh-keys" = "ubuntu:ssh-ed25519 AAAAC3NzaC1lZDI1NTE5AAAAINwDlw8SPFvDWxzyZiThG/2COif0auGHXVu7C93VzK7 den@rmq01"
        }
      + name                      = "netology-tf-lab-vm"
      + network_acceleration_type = "standard"
      + platform_id               = "standard-v1"
      + status                    = (known after apply)
      + zone                      = "ru-central1-a"

      + boot_disk {
          + auto_delete = true
          + device_name = (known after apply)
          + disk_id     = (known after apply)
          + mode        = (known after apply)

          + initialize_params {
              + block_size  = (known after apply)
              + description = (known after apply)
              + image_id    = "fd84gg15m6kjdembasoq"
              + name        = (known after apply)
              + size        = (known after apply)
              + snapshot_id = (known after apply)
              + type        = "network-hdd"
            }
        }

      + metadata_options (known after apply)

      + network_interface {
          + index          = (known after apply)
          + ip_address     = (known after apply)
          + ipv4           = true
          + ipv6           = (known after apply)
          + ipv6_address   = (known after apply)
          + mac_address    = (known after apply)
          + nat            = true
          + nat_ip_address = (known after apply)
          + nat_ip_version = (known after apply)
          + subnet_id      = "e9b5dkrj4381rd0gg6a9"
        }

      + placement_policy (known after apply)

      + resources {
          + core_fraction = 5
          + cores         = 2
          + memory        = 2
        }

      + scheduling_policy {
          + preemptible = true
        }
    }

Plan: 2 to add, 0 to change, 0 to destroy.

Changes to Outputs:
  + vms_info = {
      + vm_db  = {
          + external_ip = (known after apply)
          + fqdn        = (known after apply)
          + name        = "netology-netology-develop-platform-db"
        }
      + vm_web = {
          + external_ip = (known after apply)
          + fqdn        = (known after apply)
          + name        = "netology-tf-lab-vm"
        }
    }

───────────────────────────────────────────────────────────────────────────────

Note: You didn't use the -out option to save this plan, so Terraform can't
guarantee to take exactly these actions if you run "terraform apply" now.
